{
  "name": "physicengine",
  "version": "1.0.0",
  "lockfileVersion": 3,
  "requires": true,
  "packages": {
    "": {
      "name": "physicengine",
      "version": "1.0.0",
      "license": "ISC",
      "devDependencies": {
        "@types/p5": "^1.6.1",
        "typescript": "^5.0.4"
      }
    },
    "node_modules/@types/p5": {
      "version": "1.6.1",
      "resolved": "https://registry.npmjs.org/@types/p5/-/p5-1.6.1.tgz",
      "integrity": "sha512-cF03IJc9jYjNfNxAuf0qVpFYhbDy1tGy+ChgZJZxnmCbfcqh9A7e0CItwC1Y5qGX02W/s2M7Nlw/SNY9UdZhgA==",
      "dev": true
    },
    "node_modules/typescript": {
      "version": "5.0.4",
      "resolved": "https://registry.npmjs.org/typescript/-/typescript-5.0.4.tgz",
      "integrity": "sha512-cW9T5W9xY37cc+jfEnaUvX91foxtHkza3Nw3wkoF4sSlKn0MONdkdEndig/qPBWXNkmplh3NzayQzCiHM4/hqw==",
      "dev": true,
      "bin": {
        "tsc": "bin/tsc",
        "tsserver": "bin/tsserver"
      },
      "engines": {
        "node": ">=12.20"
      }
    }
  }
}
